{"version":4,"terraform_version":"1.9.1","serial":3,"lineage":"6c024222-c8c5-0945-093b-0ef726d11ab2","outputs":{"public_ip":{"value":"","type":"string"}},"resources":[{"mode":"managed","type":"azurerm_linux_virtual_machine","name":"main","provider":"provider[\"registry.opentofu.org/hashicorp/azurerm\"]","instances":[{"schema_version":0,"attributes":{"additional_capabilities":[],"admin_password":null,"admin_ssh_key":[{"public_key":"ssh-rsa AAAAB3NzaC1yc2EAAAADAQABAAABgQC8fyFxQTklZlSxO+pGN6mUlDh89PWjW7htIOUkzv2w33pvdNJ+zZVj7f61nRA3Q6O0kahuMUnsS0AczY3W/s91+R3y2lCtiZ0osNLfW8HfvDuIxbxCo8KRCOlBDlTsu/jzf2RkMbJdFrLbipCc1W/zhlpZ8Z5VahVMcU8T4sgOWwceKctgm7/LA3HWHP5y2xxveEGtyzcY/F+my+C659B2+0roRZlc4NtR9HIJkmvdioA/5whmXy60nO79QkogoqvdVnm/5ibM8SMfAvn2+4l33ngZMYwfQgGLP4DV4j6EX0dunkywYxgmMudqtJxV9wXI3jtO7WkfUDNGVt9+CVeTiVJIq7spjT/9e2eQEI3mE9KwLLT1DVzIkurWHxF05kI0s61da49BDeY2jzUYsGLgKtCpXRt81iFC/g0jQcpa6DtlXBwVU1ODoz9/NQHu6PLE7v/IOorbJTl1WqML/qGNGyppkBEyybasvDIEuxcKAaY6bcr7tep3+zoUdsBMxmE= generated-by-azure","username":"azureadmin"}],"admin_username":"azureadmin","allow_extension_operations":true,"availability_set_id":"","boot_diagnostics":[],"bypass_platform_safety_checks_on_user_schedule_enabled":false,"capacity_reservation_group_id":"","computer_name":"seismicity-vm","custom_data":null,"dedicated_host_group_id":"","dedicated_host_id":"","disable_password_authentication":true,"disk_controller_type":"","edge_zone":"","encryption_at_host_enabled":false,"eviction_policy":"","extensions_time_budget":"PT1H30M","gallery_application":[],"id":"/subscriptions/29310e6a-7196-42d6-8788-2e095682539a/resourceGroups/seismicity-rg/providers/Microsoft.Compute/virtualMachines/seismicity-vm","identity":[],"license_type":"","location":"westeurope","max_bid_price":-1,"name":"seismicity-vm","network_interface_ids":["/subscriptions/29310e6a-7196-42d6-8788-2e095682539a/resourceGroups/seismicity-rg/providers/Microsoft.Network/networkInterfaces/seismicity-nic"],"os_disk":[{"caching":"ReadWrite","diff_disk_settings":[],"disk_encryption_set_id":"","disk_size_gb":30,"id":"/subscriptions/29310e6a-7196-42d6-8788-2e095682539a/resourceGroups/seismicity-rg/providers/Microsoft.Compute/disks/seismicity-vm_disk1_c0fb4eaa6962464ebe6fcfef8df7aaf2","name":"seismicity-vm_disk1_c0fb4eaa6962464ebe6fcfef8df7aaf2","secure_vm_disk_encryption_set_id":"","security_encryption_type":"","storage_account_type":"Standard_LRS","write_accelerator_enabled":false}],"os_image_notification":[],"patch_assessment_mode":"ImageDefault","patch_mode":"ImageDefault","plan":[],"platform_fault_domain":-1,"priority":"Regular","private_ip_address":"10.0.1.4","private_ip_addresses":["10.0.1.4"],"provision_vm_agent":true,"proximity_placement_group_id":"","public_ip_address":"13.80.172.229","public_ip_addresses":["13.80.172.229"],"reboot_setting":"","resource_group_name":"seismicity-rg","secret":[],"secure_boot_enabled":false,"size":"Standard_B1s","source_image_id":"","source_image_reference":[{"offer":"0001-com-ubuntu-server-focal","publisher":"Canonical","sku":"20_04-lts","version":"latest"}],"tags":null,"termination_notification":null,"timeouts":null,"user_data":"","virtual_machine_id":"a5dc72ee-7862-45ee-bbb8-95094dce5197","virtual_machine_scale_set_id":"","vm_agent_platform_updates_enabled":false,"vtpm_enabled":false,"zone":""},"sensitive_attributes":[[{"type":"get_attr","value":"custom_data"}],[{"type":"get_attr","value":"admin_password"}]],"private":"eyJlMmJmYjczMC1lY2FhLTExZTYtOGY4OC0zNDM2M2JjN2M0YzAiOnsiY3JlYXRlIjoyNzAwMDAwMDAwMDAwLCJkZWxldGUiOjI3MDAwMDAwMDAwMDAsInJlYWQiOjMwMDAwMDAwMDAwMCwidXBkYXRlIjoyNzAwMDAwMDAwMDAwfX0=","dependencies":["azurerm_network_interface.nic","azurerm_public_ip.main","azurerm_resource_group.main","azurerm_subnet.subnet","azurerm_virtual_network.vnet"]}]},{"mode":"managed","type":"azurerm_network_interface","name":"nic","provider":"provider[\"registry.opentofu.org/hashicorp/azurerm\"]","instances":[{"schema_version":0,"attributes":{"accelerated_networking_enabled":false,"applied_dns_servers":[],"auxiliary_mode":"","auxiliary_sku":"","dns_servers":null,"edge_zone":"","id":"/subscriptions/29310e6a-7196-42d6-8788-2e095682539a/resourceGroups/seismicity-rg/providers/Microsoft.Network/networkInterfaces/seismicity-nic","internal_dns_name_label":"","internal_domain_name_suffix":"wgyhn4icwwxe3cfkj1uhy4tttc.ax.internal.cloudapp.net","ip_configuration":[{"gateway_load_balancer_frontend_ip_configuration_id":"","name":"internal","primary":true,"private_ip_address":"10.0.1.4","private_ip_address_allocation":"Dynamic","private_ip_address_version":"IPv4","public_ip_address_id":"/subscriptions/29310e6a-7196-42d6-8788-2e095682539a/resourceGroups/seismicity-rg/providers/Microsoft.Network/publicIPAddresses/seismicity-pip","subnet_id":"/subscriptions/29310e6a-7196-42d6-8788-2e095682539a/resourceGroups/seismicity-rg/providers/Microsoft.Network/virtualNetworks/seismicity-vnet/subnets/seismicity-subnet"}],"ip_forwarding_enabled":false,"location":"westeurope","mac_address":"","name":"seismicity-nic","private_ip_address":"10.0.1.4","private_ip_addresses":["10.0.1.4"],"resource_group_name":"seismicity-rg","tags":null,"timeouts":null,"virtual_machine_id":""},"sensitive_attributes":[],"private":"eyJlMmJmYjczMC1lY2FhLTExZTYtOGY4OC0zNDM2M2JjN2M0YzAiOnsiY3JlYXRlIjoxODAwMDAwMDAwMDAwLCJkZWxldGUiOjE4MDAwMDAwMDAwMDAsInJlYWQiOjMwMDAwMDAwMDAwMCwidXBkYXRlIjoxODAwMDAwMDAwMDAwfX0=","dependencies":["azurerm_public_ip.main","azurerm_resource_group.main","azurerm_subnet.subnet","azurerm_virtual_network.vnet"]}]},{"mode":"managed","type":"azurerm_network_interface_security_group_association","name":"nsg_assoc","provider":"provider[\"registry.opentofu.org/hashicorp/azurerm\"]","instances":[{"schema_version":0,"attributes":{"id":"/subscriptions/29310e6a-7196-42d6-8788-2e095682539a/resourceGroups/seismicity-rg/providers/Microsoft.Network/networkInterfaces/seismicity-nic|/subscriptions/29310e6a-7196-42d6-8788-2e095682539a/resourceGroups/seismicity-rg/providers/Microsoft.Network/networkSecurityGroups/seismicity-nsg","network_interface_id":"/subscriptions/29310e6a-7196-42d6-8788-2e095682539a/resourceGroups/seismicity-rg/providers/Microsoft.Network/networkInterfaces/seismicity-nic","network_security_group_id":"/subscriptions/29310e6a-7196-42d6-8788-2e095682539a/resourceGroups/seismicity-rg/providers/Microsoft.Network/networkSecurityGroups/seismicity-nsg","timeouts":null},"sensitive_attributes":[],"private":"eyJlMmJmYjczMC1lY2FhLTExZTYtOGY4OC0zNDM2M2JjN2M0YzAiOnsiY3JlYXRlIjoxODAwMDAwMDAwMDAwLCJkZWxldGUiOjE4MDAwMDAwMDAwMDAsInJlYWQiOjMwMDAwMDAwMDAwMH19","dependencies":["azurerm_network_interface.nic","azurerm_network_security_group.nsg","azurerm_public_ip.main","azurerm_resource_group.main","azurerm_subnet.subnet","azurerm_virtual_network.vnet"]}]},{"mode":"managed","type":"azurerm_network_security_group","name":"nsg","provider":"provider[\"registry.opentofu.org/hashicorp/azurerm\"]","instances":[{"schema_version":0,"attributes":{"id":"/subscriptions/29310e6a-7196-42d6-8788-2e095682539a/resourceGroups/seismicity-rg/providers/Microsoft.Network/networkSecurityGroups/seismicity-nsg","location":"westeurope","name":"seismicity-nsg","resource_group_name":"seismicity-rg","security_rule":[{"access":"Allow","description":"","destination_address_prefix":"*","destination_address_prefixes":[],"destination_application_security_group_ids":[],"destination_port_range":"22","destination_port_ranges":[],"direction":"Inbound","name":"AllowSSH","priority":1001,"protocol":"Tcp","source_address_prefix":"*","source_address_prefixes":[],"source_application_security_group_ids":[],"source_port_range":"*","source_port_ranges":[]},{"access":"Allow","description":"","destination_address_prefix":"*","destination_address_prefixes":[],"destination_application_security_group_ids":[],"destination_port_range":"80","destination_port_ranges":[],"direction":"Inbound","name":"AllowHTTP","priority":1002,"protocol":"Tcp","source_address_prefix":"*","source_address_prefixes":[],"source_application_security_group_ids":[],"source_port_range":"*","source_port_ranges":[]}],"tags":null,"timeouts":null},"sensitive_attributes":[],"private":"eyJlMmJmYjczMC1lY2FhLTExZTYtOGY4OC0zNDM2M2JjN2M0YzAiOnsiY3JlYXRlIjoxODAwMDAwMDAwMDAwLCJkZWxldGUiOjE4MDAwMDAwMDAwMDAsInJlYWQiOjMwMDAwMDAwMDAwMCwidXBkYXRlIjoxODAwMDAwMDAwMDAwfX0=","dependencies":["azurerm_resource_group.main"]}]},{"mode":"managed","type":"azurerm_public_ip","name":"main","provider":"provider[\"registry.opentofu.org/hashicorp/azurerm\"]","instances":[{"schema_version":0,"attributes":{"allocation_method":"Dynamic","ddos_protection_mode":"VirtualNetworkInherited","ddos_protection_plan_id":null,"domain_name_label":null,"domain_name_label_scope":null,"edge_zone":"","fqdn":null,"id":"/subscriptions/29310e6a-7196-42d6-8788-2e095682539a/resourceGroups/seismicity-rg/providers/Microsoft.Network/publicIPAddresses/seismicity-pip","idle_timeout_in_minutes":4,"ip_address":"","ip_tags":null,"ip_version":"IPv4","location":"westeurope","name":"seismicity-pip","public_ip_prefix_id":null,"resource_group_name":"seismicity-rg","reverse_fqdn":null,"sku":"Basic","sku_tier":"Regional","tags":null,"timeouts":null,"zones":null},"sensitive_attributes":[],"private":"eyJlMmJmYjczMC1lY2FhLTExZTYtOGY4OC0zNDM2M2JjN2M0YzAiOnsiY3JlYXRlIjoxODAwMDAwMDAwMDAwLCJkZWxldGUiOjE4MDAwMDAwMDAwMDAsInJlYWQiOjMwMDAwMDAwMDAwMCwidXBkYXRlIjoxODAwMDAwMDAwMDAwfX0=","dependencies":["azurerm_resource_group.main"]}]},{"mode":"managed","type":"azurerm_resource_group","name":"main","provider":"provider[\"registry.opentofu.org/hashicorp/azurerm\"]","instances":[{"schema_version":0,"attributes":{"id":"/subscriptions/29310e6a-7196-42d6-8788-2e095682539a/resourceGroups/seismicity-rg","location":"westeurope","managed_by":"","name":"seismicity-rg","tags":null,"timeouts":null},"sensitive_attributes":[],"private":"eyJlMmJmYjczMC1lY2FhLTExZTYtOGY4OC0zNDM2M2JjN2M0YzAiOnsiY3JlYXRlIjo1NDAwMDAwMDAwMDAwLCJkZWxldGUiOjU0MDAwMDAwMDAwMDAsInJlYWQiOjMwMDAwMDAwMDAwMCwidXBkYXRlIjo1NDAwMDAwMDAwMDAwfX0="}]},{"mode":"managed","type":"azurerm_subnet","name":"subnet","provider":"provider[\"registry.opentofu.org/hashicorp/azurerm\"]","instances":[{"schema_version":0,"attributes":{"address_prefixes":["10.0.1.0/24"],"default_outbound_access_enabled":true,"delegation":[],"id":"/subscriptions/29310e6a-7196-42d6-8788-2e095682539a/resourceGroups/seismicity-rg/providers/Microsoft.Network/virtualNetworks/seismicity-vnet/subnets/seismicity-subnet","name":"seismicity-subnet","private_endpoint_network_policies":"Disabled","private_link_service_network_policies_enabled":true,"resource_group_name":"seismicity-rg","service_endpoint_policy_ids":null,"service_endpoints":null,"timeouts":null,"virtual_network_name":"seismicity-vnet"},"sensitive_attributes":[],"private":"eyJlMmJmYjczMC1lY2FhLTExZTYtOGY4OC0zNDM2M2JjN2M0YzAiOnsiY3JlYXRlIjoxODAwMDAwMDAwMDAwLCJkZWxldGUiOjE4MDAwMDAwMDAwMDAsInJlYWQiOjMwMDAwMDAwMDAwMCwidXBkYXRlIjoxODAwMDAwMDAwMDAwfX0=","dependencies":["azurerm_resource_group.main","azurerm_virtual_network.vnet"]}]},{"mode":"managed","type":"azurerm_virtual_network","name":"vnet","provider":"provider[\"registry.opentofu.org/hashicorp/azurerm\"]","instances":[{"schema_version":0,"attributes":{"address_space":["10.0.0.0/16"],"bgp_community":"","ddos_protection_plan":[],"dns_servers":[],"edge_zone":"","encryption":[],"flow_timeout_in_minutes":0,"guid":"f976b0b1-b502-4eae-88aa-4ee87c7a739a","id":"/subscriptions/29310e6a-7196-42d6-8788-2e095682539a/resourceGroups/seismicity-rg/providers/Microsoft.Network/virtualNetworks/seismicity-vnet","ip_address_pool":[],"location":"westeurope","name":"seismicity-vnet","private_endpoint_vnet_policies":"Disabled","resource_group_name":"seismicity-rg","subnet":[],"tags":null,"timeouts":null},"sensitive_attributes":[],"private":"eyJlMmJmYjczMC1lY2FhLTExZTYtOGY4OC0zNDM2M2JjN2M0YzAiOnsiY3JlYXRlIjoxODAwMDAwMDAwMDAwLCJkZWxldGUiOjE4MDAwMDAwMDAwMDAsInJlYWQiOjMwMDAwMDAwMDAwMCwidXBkYXRlIjoxODAwMDAwMDAwMDAwfX0=","dependencies":["azurerm_resource_group.main"]}]}],"check_results":null}
